
Microsoft Visual Studio Solution File, Format Version 12.00
# Visual Studio Version 17
VisualStudioVersion = 17.9.34607.119
MinimumVisualStudioVersion = 10.0.40219.1
Project("{FAE04EC0-301F-11D3-BF4B-00C04F79EFBC}") = "PeopleApp.Api", "PeopleApp.Api\PeopleApp.Api.csproj", "{2117F3E3-397C-4451-95CE-B256994458DB}"
EndProject
Project("{9A19103F-16F7-4668-BE54-9A1E7A4F7556}") = "PeopleApp.ClassLib", "PeopleApp.ClassLib\PeopleApp.ClassLib.csproj", "{6C6B86ED-2C70-42EA-9DAD-CB3FE252F71F}"
EndProject
Global
	GlobalSection(SolutionConfigurationPlatforms) = preSolution
		Debug|Any CPU = Debug|Any CPU
		Release|Any CPU = Release|Any CPU
	EndGlobalSection
	GlobalSection(ProjectConfigurationPlatforms) = postSolution
		{2117F3E3-397C-4451-95CE-B256994458DB}.Debug|Any CPU.ActiveCfg = Debug|Any CPU
		{2117F3E3-397C-4451-95CE-B256994458DB}.Debug|Any CPU.Build.0 = Debug|Any CPU
		{2117F3E3-397C-4451-95CE-B256994458DB}.Release|Any CPU.ActiveCfg = Release|Any CPU
		{2117F3E3-397C-4451-95CE-B256994458DB}.Release|Any CPU.Build.0 = Release|Any CPU
		{6C6B86ED-2C70-42EA-9DAD-CB3FE252F71F}.Debug|Any CPU.ActiveCfg = Debug|Any CPU
		{6C6B86ED-2C70-42EA-9DAD-CB3FE252F71F}.Debug|Any CPU.Build.0 = Debug|Any CPU
		{6C6B86ED-2C70-42EA-9DAD-CB3FE252F71F}.Release|Any CPU.ActiveCfg = Release|Any CPU
		{6C6B86ED-2C70-42EA-9DAD-CB3FE252F71F}.Release|Any CPU.Build.0 = Release|Any CPU
	EndGlobalSection
	GlobalSection(SolutionProperties) = preSolution
		HideSolutionNode = FALSE
	EndGlobalSection
	GlobalSection(ExtensibilityGlobals) = postSolution
		SolutionGuid = {4085BD71-FAA2-4531-A939-EA6CC86A394F}
	EndGlobalSection
EndGlobal
